
Microsoft Visual Studio Solution File, Format Version 12.00
# Visual Studio Version 16
VisualStudioVersion = 16.0.31702.278
MinimumVisualStudioVersion = 10.0.40219.1
Project("{8BC9CEB8-8B4A-11D0-8D11-00A0C91BC942}") = "Lab_8_c++", "Lab_8_c++.vcxproj", "{D3739E9F-78E6-4819-8473-A1FA3E718E7F}"
EndProject
Global
	GlobalSection(SolutionConfigurationPlatforms) = preSolution
		Debug|x64 = Debug|x64
		Debug|x86 = Debug|x86
		Release|x64 = Release|x64
		Release|x86 = Release|x86
	EndGlobalSection
	GlobalSection(ProjectConfigurationPlatforms) = postSolution
		{D3739E9F-78E6-4819-8473-A1FA3E718E7F}.Debug|x64.ActiveCfg = Debug|x64
		{D3739E9F-78E6-4819-8473-A1FA3E718E7F}.Debug|x64.Build.0 = Debug|x64
		{D3739E9F-78E6-4819-8473-A1FA3E718E7F}.Debug|x86.ActiveCfg = Debug|Win32
		{D3739E9F-78E6-4819-8473-A1FA3E718E7F}.Debug|x86.Build.0 = Debug|Win32
		{D3739E9F-78E6-4819-8473-A1FA3E718E7F}.Release|x64.ActiveCfg = Release|x64
		{D3739E9F-78E6-4819-8473-A1FA3E718E7F}.Release|x64.Build.0 = Release|x64
		{D3739E9F-78E6-4819-8473-A1FA3E718E7F}.Release|x86.ActiveCfg = Release|Win32
		{D3739E9F-78E6-4819-8473-A1FA3E718E7F}.Release|x86.Build.0 = Release|Win32
	EndGlobalSection
	GlobalSection(SolutionProperties) = preSolution
		HideSolutionNode = FALSE
	EndGlobalSection
	GlobalSection(ExtensibilityGlobals) = postSolution
		SolutionGuid = {4FDAA48E-2F59-479D-96B3-8F81AD50364C}
	EndGlobalSection
EndGlobal
